
Microsoft Visual Studio Solution File, Format Version 12.00
# Visual Studio Version 17
VisualStudioVersion = 17.12.35514.174
MinimumVisualStudioVersion = 10.0.40219.1
Project("{2150E333-8FDC-42A3-9474-1A3956D46DE8}") = "Services", "Services", "{76ADAB17-7DA7-463A-A5A1-C4A05CAC39B6}"
EndProject
Project("{2150E333-8FDC-42A3-9474-1A3956D46DE8}") = "Catalog", "Catalog", "{650961F8-7E35-4707-83E2-72E0CE4B481B}"
EndProject
Project("{FAE04EC0-301F-11D3-BF4B-00C04F79EFBC}") = "Catalog.Api", "Services\Catalog\Catalog.Api\Catalog.Api.csproj", "{ADCB3C08-55A6-457F-922E-2B76A90A732E}"
EndProject
Project("{2150E333-8FDC-42A3-9474-1A3956D46DE8}") = "BuildingBlocks", "BuildingBlocks", "{F6C2D00E-5617-4B02-9BCB-ADD3B411C3E6}"
EndProject
Project("{FAE04EC0-301F-11D3-BF4B-00C04F79EFBC}") = "BuildingBlocks", "BuildingBlocks\BuildingBlocks\BuildingBlocks.csproj", "{7DFD54E9-EB57-4F79-8295-D48A62F046FA}"
EndProject
Project("{E53339B2-1760-4266-BCC7-CA923CBCF16C}") = "docker-compose", "docker-compose.dcproj", "{66698449-3DE8-4389-90AD-3AB2B5725EA0}"
EndProject
Project("{2150E333-8FDC-42A3-9474-1A3956D46DE8}") = "Basket", "Basket", "{672A8349-08E0-4AA5-A3BD-007D4F17878F}"
EndProject
Project("{FAE04EC0-301F-11D3-BF4B-00C04F79EFBC}") = "Basket.API", "Services\Basket.API\Basket.API.csproj", "{D3EDFDBD-A0AD-425F-A6A6-E176C61C5F52}"
EndProject
Global
	GlobalSection(SolutionConfigurationPlatforms) = preSolution
		Debug|Any CPU = Debug|Any CPU
		Release|Any CPU = Release|Any CPU
	EndGlobalSection
	GlobalSection(ProjectConfigurationPlatforms) = postSolution
		{ADCB3C08-55A6-457F-922E-2B76A90A732E}.Debug|Any CPU.ActiveCfg = Debug|Any CPU
		{ADCB3C08-55A6-457F-922E-2B76A90A732E}.Debug|Any CPU.Build.0 = Debug|Any CPU
		{ADCB3C08-55A6-457F-922E-2B76A90A732E}.Release|Any CPU.ActiveCfg = Release|Any CPU
		{ADCB3C08-55A6-457F-922E-2B76A90A732E}.Release|Any CPU.Build.0 = Release|Any CPU
		{7DFD54E9-EB57-4F79-8295-D48A62F046FA}.Debug|Any CPU.ActiveCfg = Debug|Any CPU
		{7DFD54E9-EB57-4F79-8295-D48A62F046FA}.Debug|Any CPU.Build.0 = Debug|Any CPU
		{7DFD54E9-EB57-4F79-8295-D48A62F046FA}.Release|Any CPU.ActiveCfg = Release|Any CPU
		{7DFD54E9-EB57-4F79-8295-D48A62F046FA}.Release|Any CPU.Build.0 = Release|Any CPU
		{66698449-3DE8-4389-90AD-3AB2B5725EA0}.Debug|Any CPU.ActiveCfg = Debug|Any CPU
		{66698449-3DE8-4389-90AD-3AB2B5725EA0}.Debug|Any CPU.Build.0 = Debug|Any CPU
		{66698449-3DE8-4389-90AD-3AB2B5725EA0}.Release|Any CPU.ActiveCfg = Release|Any CPU
		{66698449-3DE8-4389-90AD-3AB2B5725EA0}.Release|Any CPU.Build.0 = Release|Any CPU
		{D3EDFDBD-A0AD-425F-A6A6-E176C61C5F52}.Debug|Any CPU.ActiveCfg = Debug|Any CPU
		{D3EDFDBD-A0AD-425F-A6A6-E176C61C5F52}.Debug|Any CPU.Build.0 = Debug|Any CPU
		{D3EDFDBD-A0AD-425F-A6A6-E176C61C5F52}.Release|Any CPU.ActiveCfg = Release|Any CPU
		{D3EDFDBD-A0AD-425F-A6A6-E176C61C5F52}.Release|Any CPU.Build.0 = Release|Any CPU
	EndGlobalSection
	GlobalSection(SolutionProperties) = preSolution
		HideSolutionNode = FALSE
	EndGlobalSection
	GlobalSection(NestedProjects) = preSolution
		{650961F8-7E35-4707-83E2-72E0CE4B481B} = {76ADAB17-7DA7-463A-A5A1-C4A05CAC39B6}
		{ADCB3C08-55A6-457F-922E-2B76A90A732E} = {650961F8-7E35-4707-83E2-72E0CE4B481B}
		{7DFD54E9-EB57-4F79-8295-D48A62F046FA} = {F6C2D00E-5617-4B02-9BCB-ADD3B411C3E6}
		{672A8349-08E0-4AA5-A3BD-007D4F17878F} = {76ADAB17-7DA7-463A-A5A1-C4A05CAC39B6}
		{D3EDFDBD-A0AD-425F-A6A6-E176C61C5F52} = {672A8349-08E0-4AA5-A3BD-007D4F17878F}
	EndGlobalSection
EndGlobal
